
Microsoft Visual Studio Solution File, Format Version 12.00
# Visual Studio Version 17
VisualStudioVersion = 17.10.34928.147
MinimumVisualStudioVersion = 10.0.40219.1
Project("{FAE04EC0-301F-11D3-BF4B-00C04F79EFBC}") = "edu.nrojlla.examenFinal", "edu.nrojlla.examenFinal.csproj", "{3FF2EB49-7AB9-4F9C-8338-4DEF59858DCF}"
EndProject
Global
	GlobalSection(SolutionConfigurationPlatforms) = preSolution
		Debug|Any CPU = Debug|Any CPU
		Release|Any CPU = Release|Any CPU
	EndGlobalSection
	GlobalSection(ProjectConfigurationPlatforms) = postSolution
		{3FF2EB49-7AB9-4F9C-8338-4DEF59858DCF}.Debug|Any CPU.ActiveCfg = Debug|Any CPU
		{3FF2EB49-7AB9-4F9C-8338-4DEF59858DCF}.Debug|Any CPU.Build.0 = Debug|Any CPU
		{3FF2EB49-7AB9-4F9C-8338-4DEF59858DCF}.Release|Any CPU.ActiveCfg = Release|Any CPU
		{3FF2EB49-7AB9-4F9C-8338-4DEF59858DCF}.Release|Any CPU.Build.0 = Release|Any CPU
	EndGlobalSection
	GlobalSection(SolutionProperties) = preSolution
		HideSolutionNode = FALSE
	EndGlobalSection
	GlobalSection(ExtensibilityGlobals) = postSolution
		SolutionGuid = {3E9D63F4-2ACA-41AA-99BE-B8FD3BDACC44}
	EndGlobalSection
EndGlobal
